// !$*UTF8*$!
{
	archiveVersion = 1;
	classes = {};
	objectVersion = 77;
	objects = {

/* Begin PBXBuildFile section */
		A10000000000000000000001 /* Arma3LauncherApp.swift in Sources */ = {isa = PBXBuildFile; fileRef = A20000000000000000000001 /* Arma3LauncherApp.swift */; };
		A10000000000000000000002 /* LauncherModel.swift in Sources */ = {isa = PBXBuildFile; fileRef = A20000000000000000000002 /* LauncherModel.swift */; };
		A10000000000000000000003 /* MainWindow.swift in Sources */ = {isa = PBXBuildFile; fileRef = A20000000000000000000003 /* MainWindow.swift */; };
		A10000000000000000000004 /* LauncherCore in Frameworks */ = {isa = PBXBuildFile; productRef = A90000000000000000000001 /* LauncherCore */; };
/* End PBXBuildFile section */

/* Begin PBXFileReference section */
		A20000000000000000000001 /* Arma3LauncherApp.swift */ = {isa = PBXFileReference; lastKnownFileType = sourcecode.swift; path = Arma3LauncherApp.swift; sourceTree = "<group>"; };
		A20000000000000000000002 /* LauncherModel.swift */ = {isa = PBXFileReference; lastKnownFileType = sourcecode.swift; path = LauncherModel.swift; sourceTree = "<group>"; };
		A20000000000000000000003 /* MainWindow.swift */ = {isa = PBXFileReference; lastKnownFileType = sourcecode.swift; path = MainWindow.swift; sourceTree = "<group>"; };
		A20000000000000000000004 /* Arma3Launcher.app */ = {isa = PBXFileReference; explicitFileType = wrapper.application; includeInIndex = 0; path = Arma3Launcher.app; sourceTree = BUILT_PRODUCTS_DIR; };
/* End PBXFileReference section */

/* Begin PBXFrameworksBuildPhase section */
		A30000000000000000000001 /* Frameworks */ = {
			isa = PBXFrameworksBuildPhase;
			buildActionMask = 2147483647;
			files = (A10000000000000000000004 /* LauncherCore in Frameworks */,);
			runOnlyForDeploymentPostprocessing = 0;
		};
/* End PBXFrameworksBuildPhase section */

/* Begin PBXGroup section */
		A40000000000000000000001 = {
			isa = PBXGroup;
			children = (A40000000000000000000002 /* App */, A40000000000000000000003 /* Products */,);
			sourceTree = "<group>";
		};
		A40000000000000000000002 /* App */ = {
			isa = PBXGroup;
			children = (A20000000000000000000001, A20000000000000000000002, A20000000000000000000003,);
			path = App;
			sourceTree = "<group>";
		};
		A40000000000000000000003 /* Products */ = {
			isa = PBXGroup;
			children = (A20000000000000000000004 /* Arma3Launcher.app */,);
			name = Products;
			sourceTree = "<group>";
		};
/* End PBXGroup section */

/* Begin PBXNativeTarget section */
		A50000000000000000000001 /* Arma3Launcher */ = {
			isa = PBXNativeTarget;
			buildConfigurationList = A70000000000000000000002;
			buildPhases = (A80000000000000000000001 /* Sources */, A30000000000000000000001 /* Frameworks */, A80000000000000000000002 /* Resources */,);
			buildRules = ();
			dependencies = ();
			name = Arma3Launcher;
			packageProductDependencies = (A90000000000000000000001 /* LauncherCore */,);
			productName = Arma3Launcher;
			productReference = A20000000000000000000004 /* Arma3Launcher.app */;
			productType = "com.apple.product-type.application";
		};
/* End PBXNativeTarget section */

/* Begin PBXProject section */
		A60000000000000000000001 /* Project object */ = {
			isa = PBXProject;
			attributes = {BuildIndependentTargetsInParallel = 1; LastSwiftUpdateCheck = 2700; LastUpgradeCheck = 2700; TargetAttributes = {A50000000000000000000001 = {CreatedOnToolsVersion = 27.0;};};};
			buildConfigurationList = A70000000000000000000001;
			compatibilityVersion = "Xcode 16.0";
			developmentRegion = en;
			hasScannedForEncodings = 0;
			knownRegions = (en, Base,);
			mainGroup = A40000000000000000000001;
			minimizedProjectReferenceProxies = 1;
			packageReferences = (A90000000000000000000002 /* XCLocalSwiftPackageReference "" */,);
			preferredProjectObjectVersion = 77;
			productRefGroup = A40000000000000000000003;
			projectDirPath = "";
			projectRoot = "";
			targets = (A50000000000000000000001 /* Arma3Launcher */,);
		};
/* End PBXProject section */

/* Begin PBXResourcesBuildPhase section */
		A80000000000000000000002 /* Resources */ = {isa = PBXResourcesBuildPhase; buildActionMask = 2147483647; files = (); runOnlyForDeploymentPostprocessing = 0;};
/* End PBXResourcesBuildPhase section */

/* Begin PBXSourcesBuildPhase section */
		A80000000000000000000001 /* Sources */ = {
			isa = PBXSourcesBuildPhase;
			buildActionMask = 2147483647;
			files = (A10000000000000000000001, A10000000000000000000002, A10000000000000000000003,);
			runOnlyForDeploymentPostprocessing = 0;
		};
/* End PBXSourcesBuildPhase section */

/* Begin XCBuildConfiguration section */
		A71000000000000000000001 /* Debug */ = {isa = XCBuildConfiguration; buildSettings = {CLANG_ENABLE_MODULES = YES; MACOSX_DEPLOYMENT_TARGET = 14.0; SWIFT_VERSION = 6.0;}; name = Debug;};
		A71000000000000000000002 /* Release */ = {isa = XCBuildConfiguration; buildSettings = {CLANG_ENABLE_MODULES = YES; MACOSX_DEPLOYMENT_TARGET = 14.0; SWIFT_VERSION = 6.0;}; name = Release;};
		A72000000000000000000001 /* Debug */ = {
			isa = XCBuildConfiguration;
			buildSettings = {
				ARCHS = arm64;
				CODE_SIGN_STYLE = Automatic;
				COMBINE_HIDPI_IMAGES = YES;
				CURRENT_PROJECT_VERSION = 1;
				ENABLE_APP_SANDBOX = NO;
				ENABLE_APP_INTENTS_METADATA_GENERATION = NO;
				GENERATE_INFOPLIST_FILE = YES;
				INFOPLIST_KEY_CFBundleDisplayName = "Arma 3 Launcher";
				INFOPLIST_KEY_LSApplicationCategoryType = "public.app-category.utilities";
				LD_RUNPATH_SEARCH_PATHS = "$(inherited) @executable_path/../Frameworks";
				MACOSX_DEPLOYMENT_TARGET = 14.0;
				MARKETING_VERSION = 0.1;
				PRODUCT_BUNDLE_IDENTIFIER = com.cyspiegel.Arma3Launcher;
				PRODUCT_NAME = "$(TARGET_NAME)";
				SWIFT_EMIT_LOC_STRINGS = YES;
				SWIFT_STRICT_CONCURRENCY = complete;
				SWIFT_VERSION = 6.0;
			};
			name = Debug;
		};
		A72000000000000000000002 /* Release */ = {
			isa = XCBuildConfiguration;
			buildSettings = {
				ARCHS = arm64;
				CODE_SIGN_STYLE = Automatic;
				COMBINE_HIDPI_IMAGES = YES;
				CURRENT_PROJECT_VERSION = 1;
				ENABLE_APP_SANDBOX = NO;
				ENABLE_APP_INTENTS_METADATA_GENERATION = NO;
				GENERATE_INFOPLIST_FILE = YES;
				INFOPLIST_KEY_CFBundleDisplayName = "Arma 3 Launcher";
				INFOPLIST_KEY_LSApplicationCategoryType = "public.app-category.utilities";
				LD_RUNPATH_SEARCH_PATHS = "$(inherited) @executable_path/../Frameworks";
				MACOSX_DEPLOYMENT_TARGET = 14.0;
				MARKETING_VERSION = 0.1;
				PRODUCT_BUNDLE_IDENTIFIER = com.cyspiegel.Arma3Launcher;
				PRODUCT_NAME = "$(TARGET_NAME)";
				SWIFT_EMIT_LOC_STRINGS = YES;
				SWIFT_STRICT_CONCURRENCY = complete;
				SWIFT_VERSION = 6.0;
			};
			name = Release;
		};
/* End XCBuildConfiguration section */

/* Begin XCConfigurationList section */
		A70000000000000000000001 = {isa = XCConfigurationList; buildConfigurations = (A71000000000000000000001, A71000000000000000000002,); defaultConfigurationIsVisible = 0; defaultConfigurationName = Release;};
		A70000000000000000000002 = {isa = XCConfigurationList; buildConfigurations = (A72000000000000000000001, A72000000000000000000002,); defaultConfigurationIsVisible = 0; defaultConfigurationName = Release;};
/* End XCConfigurationList section */

/* Begin XCLocalSwiftPackageReference section */
		A90000000000000000000002 /* XCLocalSwiftPackageReference "." */ = {isa = XCLocalSwiftPackageReference; relativePath = .;};
/* End XCLocalSwiftPackageReference section */

/* Begin XCSwiftPackageProductDependency section */
		A90000000000000000000001 /* LauncherCore */ = {isa = XCSwiftPackageProductDependency; package = A90000000000000000000002; productName = LauncherCore;};
/* End XCSwiftPackageProductDependency section */
	};
	rootObject = A60000000000000000000001 /* Project object */;
}
